
Microsoft Visual Studio Solution File, Format Version 12.00
# Visual Studio Version 17
VisualStudioVersion = 17.11.35431.28
MinimumVisualStudioVersion = 10.0.40219.1
Project("{FAE04EC0-301F-11D3-BF4B-00C04F79EFBC}") = "Calculadora1", "Calculadora1\Calculadora1.csproj", "{9613542F-4C56-4E39-A41B-29DF74DE0887}"
EndProject
Global
	GlobalSection(SolutionConfigurationPlatforms) = preSolution
		Debug|Any CPU = Debug|Any CPU
		Release|Any CPU = Release|Any CPU
	EndGlobalSection
	GlobalSection(ProjectConfigurationPlatforms) = postSolution
		{9613542F-4C56-4E39-A41B-29DF74DE0887}.Debug|Any CPU.ActiveCfg = Debug|Any CPU
		{9613542F-4C56-4E39-A41B-29DF74DE0887}.Debug|Any CPU.Build.0 = Debug|Any CPU
		{9613542F-4C56-4E39-A41B-29DF74DE0887}.Release|Any CPU.ActiveCfg = Release|Any CPU
		{9613542F-4C56-4E39-A41B-29DF74DE0887}.Release|Any CPU.Build.0 = Release|Any CPU
	EndGlobalSection
	GlobalSection(SolutionProperties) = preSolution
		HideSolutionNode = FALSE
	EndGlobalSection
	GlobalSection(ExtensibilityGlobals) = postSolution
		SolutionGuid = {E96B258B-5F22-471C-BEE2-A1762AB768EA}
	EndGlobalSection
EndGlobal
